
Microsoft Visual Studio Solution File, Format Version 12.00
# Visual Studio 15
VisualStudioVersion = 15.0.28307.705
MinimumVisualStudioVersion = 10.0.40219.1
Project("{FAE04EC0-301F-11D3-BF4B-00C04F79EFBC}") = "Lab6_1", "Lab6_1\Lab6_1.csproj", "{775F4CE0-7E27-49E9-B15E-26CD3C7F65E8}"
EndProject
Global
	GlobalSection(SolutionConfigurationPlatforms) = preSolution
		Debug|Any CPU = Debug|Any CPU
		Release|Any CPU = Release|Any CPU
	EndGlobalSection
	GlobalSection(ProjectConfigurationPlatforms) = postSolution
		{775F4CE0-7E27-49E9-B15E-26CD3C7F65E8}.Debug|Any CPU.ActiveCfg = Debug|Any CPU
		{775F4CE0-7E27-49E9-B15E-26CD3C7F65E8}.Debug|Any CPU.Build.0 = Debug|Any CPU
		{775F4CE0-7E27-49E9-B15E-26CD3C7F65E8}.Release|Any CPU.ActiveCfg = Release|Any CPU
		{775F4CE0-7E27-49E9-B15E-26CD3C7F65E8}.Release|Any CPU.Build.0 = Release|Any CPU
	EndGlobalSection
	GlobalSection(SolutionProperties) = preSolution
		HideSolutionNode = FALSE
	EndGlobalSection
	GlobalSection(ExtensibilityGlobals) = postSolution
		SolutionGuid = {03B8C6AB-5913-42C3-9CCC-04DF24590C1E}
	EndGlobalSection
EndGlobal
