
Microsoft Visual Studio Solution File, Format Version 12.00
# Visual Studio 15
VisualStudioVersion = 15.0.28307.705
MinimumVisualStudioVersion = 10.0.40219.1
Project("{FAE04EC0-301F-11D3-BF4B-00C04F79EFBC}") = "WindowsFormsApp5", "WindowsFormsApp5\WindowsFormsApp5.csproj", "{7BFE4EF7-C53B-4671-9A6F-09E1FFD13FD6}"
EndProject
Global
	GlobalSection(SolutionConfigurationPlatforms) = preSolution
		Debug|Any CPU = Debug|Any CPU
		Release|Any CPU = Release|Any CPU
	EndGlobalSection
	GlobalSection(ProjectConfigurationPlatforms) = postSolution
		{7BFE4EF7-C53B-4671-9A6F-09E1FFD13FD6}.Debug|Any CPU.ActiveCfg = Debug|Any CPU
		{7BFE4EF7-C53B-4671-9A6F-09E1FFD13FD6}.Debug|Any CPU.Build.0 = Debug|Any CPU
		{7BFE4EF7-C53B-4671-9A6F-09E1FFD13FD6}.Release|Any CPU.ActiveCfg = Release|Any CPU
		{7BFE4EF7-C53B-4671-9A6F-09E1FFD13FD6}.Release|Any CPU.Build.0 = Release|Any CPU
	EndGlobalSection
	GlobalSection(SolutionProperties) = preSolution
		HideSolutionNode = FALSE
	EndGlobalSection
	GlobalSection(ExtensibilityGlobals) = postSolution
		SolutionGuid = {1708CF7B-A8FC-49FD-9CB1-DDD7F73C45DA}
	EndGlobalSection
EndGlobal
