
Microsoft Visual Studio Solution File, Format Version 12.00
# Visual Studio 15
VisualStudioVersion = 15.0.28307.705
MinimumVisualStudioVersion = 10.0.40219.1
Project("{FAE04EC0-301F-11D3-BF4B-00C04F79EFBC}") = "ListBox", "ListBox\ListBox.csproj", "{0916AB76-98AA-4AFE-815F-B11882045DAA}"
EndProject
Global
	GlobalSection(SolutionConfigurationPlatforms) = preSolution
		Debug|Any CPU = Debug|Any CPU
		Release|Any CPU = Release|Any CPU
	EndGlobalSection
	GlobalSection(ProjectConfigurationPlatforms) = postSolution
		{0916AB76-98AA-4AFE-815F-B11882045DAA}.Debug|Any CPU.ActiveCfg = Debug|Any CPU
		{0916AB76-98AA-4AFE-815F-B11882045DAA}.Debug|Any CPU.Build.0 = Debug|Any CPU
		{0916AB76-98AA-4AFE-815F-B11882045DAA}.Release|Any CPU.ActiveCfg = Release|Any CPU
		{0916AB76-98AA-4AFE-815F-B11882045DAA}.Release|Any CPU.Build.0 = Release|Any CPU
	EndGlobalSection
	GlobalSection(SolutionProperties) = preSolution
		HideSolutionNode = FALSE
	EndGlobalSection
	GlobalSection(ExtensibilityGlobals) = postSolution
		SolutionGuid = {F7747C67-16F3-49C9-A3A6-8F06BC117226}
	EndGlobalSection
EndGlobal
